
Microsoft Visual Studio Solution File, Format Version 12.00
# Visual Studio Version 17
VisualStudioVersion = 17.4.33205.214
MinimumVisualStudioVersion = 10.0.40219.1
Project("{FAE04EC0-301F-11D3-BF4B-00C04F79EFBC}") = "sqlapp", "sqlapp\sqlapp.csproj", "{DFE74B89-A0C5-49AE-A4D7-9516FF1CABE5}"
EndProject
Global
	GlobalSection(SolutionConfigurationPlatforms) = preSolution
		Debug|Any CPU = Debug|Any CPU
		Release|Any CPU = Release|Any CPU
	EndGlobalSection
	GlobalSection(ProjectConfigurationPlatforms) = postSolution
		{DFE74B89-A0C5-49AE-A4D7-9516FF1CABE5}.Debug|Any CPU.ActiveCfg = Debug|Any CPU
		{DFE74B89-A0C5-49AE-A4D7-9516FF1CABE5}.Debug|Any CPU.Build.0 = Debug|Any CPU
		{DFE74B89-A0C5-49AE-A4D7-9516FF1CABE5}.Release|Any CPU.ActiveCfg = Release|Any CPU
		{DFE74B89-A0C5-49AE-A4D7-9516FF1CABE5}.Release|Any CPU.Build.0 = Release|Any CPU
	EndGlobalSection
	GlobalSection(SolutionProperties) = preSolution
		HideSolutionNode = FALSE
	EndGlobalSection
	GlobalSection(ExtensibilityGlobals) = postSolution
		SolutionGuid = {A83B715B-0BC5-4103-B184-FF94F2D9BA5D}
	EndGlobalSection
EndGlobal
